// !$*UTF8*$!
{
	archiveVersion = 1;
	classes = {
	};
	objectVersion = 56;
	objects = {

/* Begin PBXBuildFile section */
		DC8C18CD2AF6457F0096B7DB /* iOSLab1App.swift in Sources */ = {isa = PBXBuildFile; fileRef = DC8C18CC2AF6457F0096B7DB /* iOSLab1App.swift */; };
		DC8C18CF2AF6457F0096B7DB /* ContentView.swift in Sources */ = {isa = PBXBuildFile; fileRef = DC8C18CE2AF6457F0096B7DB /* ContentView.swift */; };
		DC8C18D12AF645800096B7DB /* Assets.xcassets in Resources */ = {isa = PBXBuildFile; fileRef = DC8C18D02AF645800096B7DB /* Assets.xcassets */; };
		DC8C18D42AF645800096B7DB /* Preview Assets.xcassets in Resources */ = {isa = PBXBuildFile; fileRef = DC8C18D32AF645800096B7DB /* Preview Assets.xcassets */; };
		DC8C18DE2AF645800096B7DB /* iOSLab1Tests.swift in Sources */ = {isa = PBXBuildFile; fileRef = DC8C18DD2AF645800096B7DB /* iOSLab1Tests.swift */; };
		DC8C18E82AF645800096B7DB /* iOSLab1UITests.swift in Sources */ = {isa = PBXBuildFile; fileRef = DC8C18E72AF645800096B7DB /* iOSLab1UITests.swift */; };
		DC8C18EA2AF645800096B7DB /* iOSLab1UITestsLaunchTests.swift in Sources */ = {isa = PBXBuildFile; fileRef = DC8C18E92AF645800096B7DB /* iOSLab1UITestsLaunchTests.swift */; };
		DCA86F252B0348360054C6D2 /* Poppins-Regular.ttf in Resources */ = {isa = PBXBuildFile; fileRef = DCF278742B027DB70089ED4C /* Poppins-Regular.ttf */; };
		DCA86F262B0348390054C6D2 /* Poppins-Bold.ttf in Resources */ = {isa = PBXBuildFile; fileRef = DCF278732B027DB70089ED4C /* Poppins-Bold.ttf */; };
		DCA86F272B03483C0054C6D2 /* Poppins-SemiBold.ttf in Resources */ = {isa = PBXBuildFile; fileRef = DCF278752B027DB70089ED4C /* Poppins-SemiBold.ttf */; };
		DCA86F292B0348690054C6D2 /* Localizable.xcstrings in Resources */ = {isa = PBXBuildFile; fileRef = DCA86F282B0348690054C6D2 /* Localizable.xcstrings */; };
		DCD78B142AFF96700027BC03 /* UserHeader.swift in Sources */ = {isa = PBXBuildFile; fileRef = DCD78B132AFF96700027BC03 /* UserHeader.swift */; };
		DCD78B202AFF9D9F0027BC03 /* CardElement.swift in Sources */ = {isa = PBXBuildFile; fileRef = DCD78B1F2AFF9D9F0027BC03 /* CardElement.swift */; };
/* End PBXBuildFile section */

/* Begin PBXContainerItemProxy section */
		DC8C18DA2AF645800096B7DB /* PBXContainerItemProxy */ = {
			isa = PBXContainerItemProxy;
			containerPortal = DC8C18C12AF6457F0096B7DB /* Project object */;
			proxyType = 1;
			remoteGlobalIDString = DC8C18C82AF6457F0096B7DB;
			remoteInfo = iOSLab1;
		};
		DC8C18E42AF645800096B7DB /* PBXContainerItemProxy */ = {
			isa = PBXContainerItemProxy;
			containerPortal = DC8C18C12AF6457F0096B7DB /* Project object */;
			proxyType = 1;
			remoteGlobalIDString = DC8C18C82AF6457F0096B7DB;
			remoteInfo = iOSLab1;
		};
/* End PBXContainerItemProxy section */

/* Begin PBXFileReference section */
		DC8C18C92AF6457F0096B7DB /* iOSLab1.app */ = {isa = PBXFileReference; explicitFileType = wrapper.application; includeInIndex = 0; path = iOSLab1.app; sourceTree = BUILT_PRODUCTS_DIR; };
		DC8C18CC2AF6457F0096B7DB /* iOSLab1App.swift */ = {isa = PBXFileReference; lastKnownFileType = sourcecode.swift; path = iOSLab1App.swift; sourceTree = "<group>"; };
		DC8C18CE2AF6457F0096B7DB /* ContentView.swift */ = {isa = PBXFileReference; lastKnownFileType = sourcecode.swift; path = ContentView.swift; sourceTree = "<group>"; };
		DC8C18D02AF645800096B7DB /* Assets.xcassets */ = {isa = PBXFileReference; lastKnownFileType = folder.assetcatalog; path = Assets.xcassets; sourceTree = "<group>"; };
		DC8C18D32AF645800096B7DB /* Preview Assets.xcassets */ = {isa = PBXFileReference; lastKnownFileType = folder.assetcatalog; path = "Preview Assets.xcassets"; sourceTree = "<group>"; };
		DC8C18D92AF645800096B7DB /* iOSLab1Tests.xctest */ = {isa = PBXFileReference; explicitFileType = wrapper.cfbundle; includeInIndex = 0; path = iOSLab1Tests.xctest; sourceTree = BUILT_PRODUCTS_DIR; };
		DC8C18DD2AF645800096B7DB /* iOSLab1Tests.swift */ = {isa = PBXFileReference; lastKnownFileType = sourcecode.swift; path = iOSLab1Tests.swift; sourceTree = "<group>"; };
		DC8C18E32AF645800096B7DB /* iOSLab1UITests.xctest */ = {isa = PBXFileReference; explicitFileType = wrapper.cfbundle; includeInIndex = 0; path = iOSLab1UITests.xctest; sourceTree = BUILT_PRODUCTS_DIR; };
		DC8C18E72AF645800096B7DB /* iOSLab1UITests.swift */ = {isa = PBXFileReference; lastKnownFileType = sourcecode.swift; path = iOSLab1UITests.swift; sourceTree = "<group>"; };
		DC8C18E92AF645800096B7DB /* iOSLab1UITestsLaunchTests.swift */ = {isa = PBXFileReference; lastKnownFileType = sourcecode.swift; path = iOSLab1UITestsLaunchTests.swift; sourceTree = "<group>"; };
		DCA86F282B0348690054C6D2 /* Localizable.xcstrings */ = {isa = PBXFileReference; lastKnownFileType = text.json.xcstrings; path = Localizable.xcstrings; sourceTree = "<group>"; };
		DCD78B132AFF96700027BC03 /* UserHeader.swift */ = {isa = PBXFileReference; lastKnownFileType = sourcecode.swift; path = UserHeader.swift; sourceTree = "<group>"; };
		DCD78B1F2AFF9D9F0027BC03 /* CardElement.swift */ = {isa = PBXFileReference; lastKnownFileType = sourcecode.swift; path = CardElement.swift; sourceTree = "<group>"; };
		DCF278732B027DB70089ED4C /* Poppins-Bold.ttf */ = {isa = PBXFileReference; lastKnownFileType = file; name = "Poppins-Bold.ttf"; path = "../../../../Downloads/Poppins-Bold.ttf"; sourceTree = "<group>"; };
		DCF278742B027DB70089ED4C /* Poppins-Regular.ttf */ = {isa = PBXFileReference; lastKnownFileType = file; name = "Poppins-Regular.ttf"; path = "../../../../Downloads/Poppins-Regular.ttf"; sourceTree = "<group>"; };
		DCF278752B027DB70089ED4C /* Poppins-SemiBold.ttf */ = {isa = PBXFileReference; lastKnownFileType = file; name = "Poppins-SemiBold.ttf"; path = "../../../../Downloads/Poppins-SemiBold.ttf"; sourceTree = "<group>"; };
/* End PBXFileReference section */

/* Begin PBXFrameworksBuildPhase section */
		DC8C18C62AF6457F0096B7DB /* Frameworks */ = {
			isa = PBXFrameworksBuildPhase;
			buildActionMask = 2147483647;
			files = (
			);
			runOnlyForDeploymentPostprocessing = 0;
		};
		DC8C18D62AF645800096B7DB /* Frameworks */ = {
			isa = PBXFrameworksBuildPhase;
			buildActionMask = 2147483647;
			files = (
			);
			runOnlyForDeploymentPostprocessing = 0;
		};
		DC8C18E02AF645800096B7DB /* Frameworks */ = {
			isa = PBXFrameworksBuildPhase;
			buildActionMask = 2147483647;
			files = (
			);
			runOnlyForDeploymentPostprocessing = 0;
		};
/* End PBXFrameworksBuildPhase section */

/* Begin PBXGroup section */
		DC8C18C02AF6457F0096B7DB = {
			isa = PBXGroup;
			children = (
				DC8C18CB2AF6457F0096B7DB /* iOSLab1 */,
				DC8C18DC2AF645800096B7DB /* iOSLab1Tests */,
				DC8C18E62AF645800096B7DB /* iOSLab1UITests */,
				DC8C18CA2AF6457F0096B7DB /* Products */,
			);
			sourceTree = "<group>";
		};
		DC8C18CA2AF6457F0096B7DB /* Products */ = {
			isa = PBXGroup;
			children = (
				DC8C18C92AF6457F0096B7DB /* iOSLab1.app */,
				DC8C18D92AF645800096B7DB /* iOSLab1Tests.xctest */,
				DC8C18E32AF645800096B7DB /* iOSLab1UITests.xctest */,
			);
			name = Products;
			sourceTree = "<group>";
		};
		DC8C18CB2AF6457F0096B7DB /* iOSLab1 */ = {
			isa = PBXGroup;
			children = (
				DCF278722B027D830089ED4C /* Fonts */,
				DC8C18CC2AF6457F0096B7DB /* iOSLab1App.swift */,
				DC8C18CE2AF6457F0096B7DB /* ContentView.swift */,
				DCD78B132AFF96700027BC03 /* UserHeader.swift */,
				DCD78B1F2AFF9D9F0027BC03 /* CardElement.swift */,
				DC8C18D02AF645800096B7DB /* Assets.xcassets */,
				DC8C18D22AF645800096B7DB /* Preview Content */,
				DCA86F282B0348690054C6D2 /* Localizable.xcstrings */,
			);
			path = iOSLab1;
			sourceTree = "<group>";
		};
		DC8C18D22AF645800096B7DB /* Preview Content */ = {
			isa = PBXGroup;
			children = (
				DC8C18D32AF645800096B7DB /* Preview Assets.xcassets */,
			);
			path = "Preview Content";
			sourceTree = "<group>";
		};
		DC8C18DC2AF645800096B7DB /* iOSLab1Tests */ = {
			isa = PBXGroup;
			children = (
				DC8C18DD2AF645800096B7DB /* iOSLab1Tests.swift */,
			);
			path = iOSLab1Tests;
			sourceTree = "<group>";
		};
		DC8C18E62AF645800096B7DB /* iOSLab1UITests */ = {
			isa = PBXGroup;
			children = (
				DC8C18E72AF645800096B7DB /* iOSLab1UITests.swift */,
				DC8C18E92AF645800096B7DB /* iOSLab1UITestsLaunchTests.swift */,
			);
			path = iOSLab1UITests;
			sourceTree = "<group>";
		};
		DCF278722B027D830089ED4C /* Fonts */ = {
			isa = PBXGroup;
			children = (
				DCF278732B027DB70089ED4C /* Poppins-Bold.ttf */,
				DCF278742B027DB70089ED4C /* Poppins-Regular.ttf */,
				DCF278752B027DB70089ED4C /* Poppins-SemiBold.ttf */,
			);
			path = Fonts;
			sourceTree = "<group>";
		};
/* End PBXGroup section */

/* Begin PBXNativeTarget section */
		DC8C18C82AF6457F0096B7DB /* iOSLab1 */ = {
			isa = PBXNativeTarget;
			buildConfigurationList = DC8C18ED2AF645800096B7DB /* Build configuration list for PBXNativeTarget "iOSLab1" */;
			buildPhases = (
				DC8C18C52AF6457F0096B7DB /* Sources */,
				DC8C18C62AF6457F0096B7DB /* Frameworks */,
				DC8C18C72AF6457F0096B7DB /* Resources */,
			);
			buildRules = (
			);
			dependencies = (
			);
			name = iOSLab1;
			productName = iOSLab1;
			productReference = DC8C18C92AF6457F0096B7DB /* iOSLab1.app */;
			productType = "com.apple.product-type.application";
		};
		DC8C18D82AF645800096B7DB /* iOSLab1Tests */ = {
			isa = PBXNativeTarget;
			buildConfigurationList = DC8C18F02AF645800096B7DB /* Build configuration list for PBXNativeTarget "iOSLab1Tests" */;
			buildPhases = (
				DC8C18D52AF645800096B7DB /* Sources */,
				DC8C18D62AF645800096B7DB /* Frameworks */,
				DC8C18D72AF645800096B7DB /* Resources */,
			);
			buildRules = (
			);
			dependencies = (
				DC8C18DB2AF645800096B7DB /* PBXTargetDependency */,
			);
			name = iOSLab1Tests;
			productName = iOSLab1Tests;
			productReference = DC8C18D92AF645800096B7DB /* iOSLab1Tests.xctest */;
			productType = "com.apple.product-type.bundle.unit-test";
		};
		DC8C18E22AF645800096B7DB /* iOSLab1UITests */ = {
			isa = PBXNativeTarget;
			buildConfigurationList = DC8C18F32AF645800096B7DB /* Build configuration list for PBXNativeTarget "iOSLab1UITests" */;
			buildPhases = (
				DC8C18DF2AF645800096B7DB /* Sources */,
				DC8C18E02AF645800096B7DB /* Frameworks */,
				DC8C18E12AF645800096B7DB /* Resources */,
			);
			buildRules = (
			);
			dependencies = (
				DC8C18E52AF645800096B7DB /* PBXTargetDependency */,
			);
			name = iOSLab1UITests;
			productName = iOSLab1UITests;
			productReference = DC8C18E32AF645800096B7DB /* iOSLab1UITests.xctest */;
			productType = "com.apple.product-type.bundle.ui-testing";
		};
/* End PBXNativeTarget section */

/* Begin PBXProject section */
		DC8C18C12AF6457F0096B7DB /* Project object */ = {
			isa = PBXProject;
			attributes = {
				BuildIndependentTargetsInParallel = 1;
				LastSwiftUpdateCheck = 1500;
				LastUpgradeCheck = 1500;
				TargetAttributes = {
					DC8C18C82AF6457F0096B7DB = {
						CreatedOnToolsVersion = 15.0.1;
					};
					DC8C18D82AF645800096B7DB = {
						CreatedOnToolsVersion = 15.0.1;
						TestTargetID = DC8C18C82AF6457F0096B7DB;
					};
					DC8C18E22AF645800096B7DB = {
						CreatedOnToolsVersion = 15.0.1;
						TestTargetID = DC8C18C82AF6457F0096B7DB;
					};
				};
			};
			buildConfigurationList = DC8C18C42AF6457F0096B7DB /* Build configuration list for PBXProject "iOSLab1" */;
			compatibilityVersion = "Xcode 14.0";
			developmentRegion = en;
			hasScannedForEncodings = 0;
			knownRegions = (
				en,
				Base,
			);
			mainGroup = DC8C18C02AF6457F0096B7DB;
			productRefGroup = DC8C18CA2AF6457F0096B7DB /* Products */;
			projectDirPath = "";
			projectRoot = "";
			targets = (
				DC8C18C82AF6457F0096B7DB /* iOSLab1 */,
				DC8C18D82AF645800096B7DB /* iOSLab1Tests */,
				DC8C18E22AF645800096B7DB /* iOSLab1UITests */,
			);
		};
/* End PBXProject section */

/* Begin PBXResourcesBuildPhase section */
		DC8C18C72AF6457F0096B7DB /* Resources */ = {
			isa = PBXResourcesBuildPhase;
			buildActionMask = 2147483647;
			files = (
				DCA86F272B03483C0054C6D2 /* Poppins-SemiBold.ttf in Resources */,
				DCA86F252B0348360054C6D2 /* Poppins-Regular.ttf in Resources */,
				DCA86F292B0348690054C6D2 /* Localizable.xcstrings in Resources */,
				DC8C18D42AF645800096B7DB /* Preview Assets.xcassets in Resources */,
				DC8C18D12AF645800096B7DB /* Assets.xcassets in Resources */,
				DCA86F262B0348390054C6D2 /* Poppins-Bold.ttf in Resources */,
			);
			runOnlyForDeploymentPostprocessing = 0;
		};
		DC8C18D72AF645800096B7DB /* Resources */ = {
			isa = PBXResourcesBuildPhase;
			buildActionMask = 2147483647;
			files = (
			);
			runOnlyForDeploymentPostprocessing = 0;
		};
		DC8C18E12AF645800096B7DB /* Resources */ = {
			isa = PBXResourcesBuildPhase;
			buildActionMask = 2147483647;
			files = (
			);
			runOnlyForDeploymentPostprocessing = 0;
		};
/* End PBXResourcesBuildPhase section */

/* Begin PBXSourcesBuildPhase section */
		DC8C18C52AF6457F0096B7DB /* Sources */ = {
			isa = PBXSourcesBuildPhase;
			buildActionMask = 2147483647;
			files = (
				DCD78B202AFF9D9F0027BC03 /* CardElement.swift in Sources */,
				DC8C18CF2AF6457F0096B7DB /* ContentView.swift in Sources */,
				DCD78B142AFF96700027BC03 /* UserHeader.swift in Sources */,
				DC8C18CD2AF6457F0096B7DB /* iOSLab1App.swift in Sources */,
			);
			runOnlyForDeploymentPostprocessing = 0;
		};
		DC8C18D52AF645800096B7DB /* Sources */ = {
			isa = PBXSourcesBuildPhase;
			buildActionMask = 2147483647;
			files = (
				DC8C18DE2AF645800096B7DB /* iOSLab1Tests.swift in Sources */,
			);
			runOnlyForDeploymentPostprocessing = 0;
		};
		DC8C18DF2AF645800096B7DB /* Sources */ = {
			isa = PBXSourcesBuildPhase;
			buildActionMask = 2147483647;
			files = (
				DC8C18EA2AF645800096B7DB /* iOSLab1UITestsLaunchTests.swift in Sources */,
				DC8C18E82AF645800096B7DB /* iOSLab1UITests.swift in Sources */,
			);
			runOnlyForDeploymentPostprocessing = 0;
		};
/* End PBXSourcesBuildPhase section */

/* Begin PBXTargetDependency section */
		DC8C18DB2AF645800096B7DB /* PBXTargetDependency */ = {
			isa = PBXTargetDependency;
			target = DC8C18C82AF6457F0096B7DB /* iOSLab1 */;
			targetProxy = DC8C18DA2AF645800096B7DB /* PBXContainerItemProxy */;
		};
		DC8C18E52AF645800096B7DB /* PBXTargetDependency */ = {
			isa = PBXTargetDependency;
			target = DC8C18C82AF6457F0096B7DB /* iOSLab1 */;
			targetProxy = DC8C18E42AF645800096B7DB /* PBXContainerItemProxy */;
		};
/* End PBXTargetDependency section */

/* Begin XCBuildConfiguration section */
		DC8C18EB2AF645800096B7DB /* Debug */ = {
			isa = XCBuildConfiguration;
			buildSettings = {
				ALWAYS_SEARCH_USER_PATHS = NO;
				ASSETCATALOG_COMPILER_GENERATE_SWIFT_ASSET_SYMBOL_EXTENSIONS = YES;
				CLANG_ANALYZER_NONNULL = YES;
				CLANG_ANALYZER_NUMBER_OBJECT_CONVERSION = YES_AGGRESSIVE;
				CLANG_CXX_LANGUAGE_STANDARD = "gnu++20";
				CLANG_ENABLE_MODULES = YES;
				CLANG_ENABLE_OBJC_ARC = YES;
				CLANG_ENABLE_OBJC_WEAK = YES;
				CLANG_WARN_BLOCK_CAPTURE_AUTORELEASING = YES;
				CLANG_WARN_BOOL_CONVERSION = YES;
				CLANG_WARN_COMMA = YES;
				CLANG_WARN_CONSTANT_CONVERSION = YES;
				CLANG_WARN_DEPRECATED_OBJC_IMPLEMENTATIONS = YES;
				CLANG_WARN_DIRECT_OBJC_ISA_USAGE = YES_ERROR;
				CLANG_WARN_DOCUMENTATION_COMMENTS = YES;
				CLANG_WARN_EMPTY_BODY = YES;
				CLANG_WARN_ENUM_CONVERSION = YES;
				CLANG_WARN_INFINITE_RECURSION = YES;
				CLANG_WARN_INT_CONVERSION = YES;
				CLANG_WARN_NON_LITERAL_NULL_CONVERSION = YES;
				CLANG_WARN_OBJC_IMPLICIT_RETAIN_SELF = YES;
				CLANG_WARN_OBJC_LITERAL_CONVERSION = YES;
				CLANG_WARN_OBJC_ROOT_CLASS = YES_ERROR;
				CLANG_WARN_QUOTED_INCLUDE_IN_FRAMEWORK_HEADER = YES;
				CLANG_WARN_RANGE_LOOP_ANALYSIS = YES;
				CLANG_WARN_STRICT_PROTOTYPES = YES;
				CLANG_WARN_SUSPICIOUS_MOVE = YES;
				CLANG_WARN_UNGUARDED_AVAILABILITY = YES_AGGRESSIVE;
				CLANG_WARN_UNREACHABLE_CODE = YES;
				CLANG_WARN__DUPLICATE_METHOD_MATCH = YES;
				COPY_PHASE_STRIP = NO;
				DEBUG_INFORMATION_FORMAT = dwarf;
				ENABLE_STRICT_OBJC_MSGSEND = YES;
				ENABLE_TESTABILITY = YES;
				ENABLE_USER_SCRIPT_SANDBOXING = YES;
				GCC_C_LANGUAGE_STANDARD = gnu17;
				GCC_DYNAMIC_NO_PIC = NO;
				GCC_NO_COMMON_BLOCKS = YES;
				GCC_OPTIMIZATION_LEVEL = 0;
				GCC_PREPROCESSOR_DEFINITIONS = (
					"DEBUG=1",
					"$(inherited)",
				);
				GCC_WARN_64_TO_32_BIT_CONVERSION = YES;
				GCC_WARN_ABOUT_RETURN_TYPE = YES_ERROR;
				GCC_WARN_UNDECLARED_SELECTOR = YES;
				GCC_WARN_UNINITIALIZED_AUTOS = YES_AGGRESSIVE;
				GCC_WARN_UNUSED_FUNCTION = YES;
				GCC_WARN_UNUSED_VARIABLE = YES;
				IPHONEOS_DEPLOYMENT_TARGET = 17.0;
				LOCALIZATION_PREFERS_STRING_CATALOGS = YES;
				MTL_ENABLE_DEBUG_INFO = INCLUDE_SOURCE;
				MTL_FAST_MATH = YES;
				ONLY_ACTIVE_ARCH = YES;
				SDKROOT = iphoneos;
				SWIFT_ACTIVE_COMPILATION_CONDITIONS = "DEBUG $(inherited)";
				SWIFT_OPTIMIZATION_LEVEL = "-Onone";
			};
			name = Debug;
		};
		DC8C18EC2AF645800096B7DB /* Release */ = {
			isa = XCBuildConfiguration;
			buildSettings = {
				ALWAYS_SEARCH_USER_PATHS = NO;
				ASSETCATALOG_COMPILER_GENERATE_SWIFT_ASSET_SYMBOL_EXTENSIONS = YES;
				CLANG_ANALYZER_NONNULL = YES;
				CLANG_ANALYZER_NUMBER_OBJECT_CONVERSION = YES_AGGRESSIVE;
				CLANG_CXX_LANGUAGE_STANDARD = "gnu++20";
				CLANG_ENABLE_MODULES = YES;
				CLANG_ENABLE_OBJC_ARC = YES;
				CLANG_ENABLE_OBJC_WEAK = YES;
				CLANG_WARN_BLOCK_CAPTURE_AUTORELEASING = YES;
				CLANG_WARN_BOOL_CONVERSION = YES;
				CLANG_WARN_COMMA = YES;
				CLANG_WARN_CONSTANT_CONVERSION = YES;
				CLANG_WARN_DEPRECATED_OBJC_IMPLEMENTATIONS = YES;
				CLANG_WARN_DIRECT_OBJC_ISA_USAGE = YES_ERROR;
				CLANG_WARN_DOCUMENTATION_COMMENTS = YES;
				CLANG_WARN_EMPTY_BODY = YES;
				CLANG_WARN_ENUM_CONVERSION = YES;
				CLANG_WARN_INFINITE_RECURSION = YES;
				CLANG_WARN_INT_CONVERSION = YES;
				CLANG_WARN_NON_LITERAL_NULL_CONVERSION = YES;
				CLANG_WARN_OBJC_IMPLICIT_RETAIN_SELF = YES;
				CLANG_WARN_OBJC_LITERAL_CONVERSION = YES;
				CLANG_WARN_OBJC_ROOT_CLASS = YES_ERROR;
				CLANG_WARN_QUOTED_INCLUDE_IN_FRAMEWORK_HEADER = YES;
				CLANG_WARN_RANGE_LOOP_ANALYSIS = YES;
				CLANG_WARN_STRICT_PROTOTYPES = YES;
				CLANG_WARN_SUSPICIOUS_MOVE = YES;
				CLANG_WARN_UNGUARDED_AVAILABILITY = YES_AGGRESSIVE;
				CLANG_WARN_UNREACHABLE_CODE = YES;
				CLANG_WARN__DUPLICATE_METHOD_MATCH = YES;
				COPY_PHASE_STRIP = NO;
				DEBUG_INFORMATION_FORMAT = "dwarf-with-dsym";
				ENABLE_NS_ASSERTIONS = NO;
				ENABLE_STRICT_OBJC_MSGSEND = YES;
				ENABLE_USER_SCRIPT_SANDBOXING = YES;
				GCC_C_LANGUAGE_STANDARD = gnu17;
				GCC_NO_COMMON_BLOCKS = YES;
				GCC_WARN_64_TO_32_BIT_CONVERSION = YES;
				GCC_WARN_ABOUT_RETURN_TYPE = YES_ERROR;
				GCC_WARN_UNDECLARED_SELECTOR = YES;
				GCC_WARN_UNINITIALIZED_AUTOS = YES_AGGRESSIVE;
				GCC_WARN_UNUSED_FUNCTION = YES;
				GCC_WARN_UNUSED_VARIABLE = YES;
				IPHONEOS_DEPLOYMENT_TARGET = 17.0;
				LOCALIZATION_PREFERS_STRING_CATALOGS = YES;
				MTL_ENABLE_DEBUG_INFO = NO;
				MTL_FAST_MATH = YES;
				SDKROOT = iphoneos;
				SWIFT_COMPILATION_MODE = wholemodule;
				VALIDATE_PRODUCT = YES;
			};
			name = Release;
		};
		DC8C18EE2AF645800096B7DB /* Debug */ = {
			isa = XCBuildConfiguration;
			buildSettings = {
				ASSETCATALOG_COMPILER_APPICON_NAME = AppIcon;
				ASSETCATALOG_COMPILER_GLOBAL_ACCENT_COLOR_NAME = AccentColor;
				CODE_SIGN_STYLE = Automatic;
				CURRENT_PROJECT_VERSION = 1;
				DEVELOPMENT_ASSET_PATHS = "\"iOSLab1/Preview Content\"";
				ENABLE_PREVIEWS = YES;
				GENERATE_INFOPLIST_FILE = YES;
				INFOPLIST_FILE = iOSLab1/Info.plist;
				INFOPLIST_KEY_UIApplicationSceneManifest_Generation = YES;
				INFOPLIST_KEY_UIApplicationSupportsIndirectInputEvents = YES;
				INFOPLIST_KEY_UILaunchScreen_Generation = YES;
				INFOPLIST_KEY_UISupportedInterfaceOrientations_iPad = "UIInterfaceOrientationPortrait UIInterfaceOrientationPortraitUpsideDown UIInterfaceOrientationLandscapeLeft UIInterfaceOrientationLandscapeRight";
				INFOPLIST_KEY_UISupportedInterfaceOrientations_iPhone = "UIInterfaceOrientationPortrait UIInterfaceOrientationLandscapeLeft UIInterfaceOrientationLandscapeRight";
				LD_RUNPATH_SEARCH_PATHS = (
					"$(inherited)",
					"@executable_path/Frameworks",
				);
				MARKETING_VERSION = 1.0;
				PRODUCT_BUNDLE_IDENTIFIER = TheGood77.iOSLab1;
				PRODUCT_NAME = "$(TARGET_NAME)";
				SWIFT_EMIT_LOC_STRINGS = YES;
				SWIFT_VERSION = 5.0;
				TARGETED_DEVICE_FAMILY = "1,2";
			};
			name = Debug;
		};
		DC8C18EF2AF645800096B7DB /* Release */ = {
			isa = XCBuildConfiguration;
			buildSettings = {
				ASSETCATALOG_COMPILER_APPICON_NAME = AppIcon;
				ASSETCATALOG_COMPILER_GLOBAL_ACCENT_COLOR_NAME = AccentColor;
				CODE_SIGN_STYLE = Automatic;
				CURRENT_PROJECT_VERSION = 1;
				DEVELOPMENT_ASSET_PATHS = "\"iOSLab1/Preview Content\"";
				ENABLE_PREVIEWS = YES;
				GENERATE_INFOPLIST_FILE = YES;
				INFOPLIST_FILE = iOSLab1/Info.plist;
				INFOPLIST_KEY_UIApplicationSceneManifest_Generation = YES;
				INFOPLIST_KEY_UIApplicationSupportsIndirectInputEvents = YES;
				INFOPLIST_KEY_UILaunchScreen_Generation = YES;
				INFOPLIST_KEY_UISupportedInterfaceOrientations_iPad = "UIInterfaceOrientationPortrait UIInterfaceOrientationPortraitUpsideDown UIInterfaceOrientationLandscapeLeft UIInterfaceOrientationLandscapeRight";
				INFOPLIST_KEY_UISupportedInterfaceOrientations_iPhone = "UIInterfaceOrientationPortrait UIInterfaceOrientationLandscapeLeft UIInterfaceOrientationLandscapeRight";
				LD_RUNPATH_SEARCH_PATHS = (
					"$(inherited)",
					"@executable_path/Frameworks",
				);
				MARKETING_VERSION = 1.0;
				PRODUCT_BUNDLE_IDENTIFIER = TheGood77.iOSLab1;
				PRODUCT_NAME = "$(TARGET_NAME)";
				SWIFT_EMIT_LOC_STRINGS = YES;
				SWIFT_VERSION = 5.0;
				TARGETED_DEVICE_FAMILY = "1,2";
			};
			name = Release;
		};
		DC8C18F12AF645800096B7DB /* Debug */ = {
			isa = XCBuildConfiguration;
			buildSettings = {
				ALWAYS_EMBED_SWIFT_STANDARD_LIBRARIES = YES;
				BUNDLE_LOADER = "$(TEST_HOST)";
				CODE_SIGN_STYLE = Automatic;
				CURRENT_PROJECT_VERSION = 1;
				GENERATE_INFOPLIST_FILE = YES;
				IPHONEOS_DEPLOYMENT_TARGET = 17.0;
				MARKETING_VERSION = 1.0;
				PRODUCT_BUNDLE_IDENTIFIER = TheGood77.iOSLab1Tests;
				PRODUCT_NAME = "$(TARGET_NAME)";
				SWIFT_EMIT_LOC_STRINGS = NO;
				SWIFT_VERSION = 5.0;
				TARGETED_DEVICE_FAMILY = "1,2";
				TEST_HOST = "$(BUILT_PRODUCTS_DIR)/iOSLab1.app/$(BUNDLE_EXECUTABLE_FOLDER_PATH)/iOSLab1";
			};
			name = Debug;
		};
		DC8C18F22AF645800096B7DB /* Release */ = {
			isa = XCBuildConfiguration;
			buildSettings = {
				ALWAYS_EMBED_SWIFT_STANDARD_LIBRARIES = YES;
				BUNDLE_LOADER = "$(TEST_HOST)";
				CODE_SIGN_STYLE = Automatic;
				CURRENT_PROJECT_VERSION = 1;
				GENERATE_INFOPLIST_FILE = YES;
				IPHONEOS_DEPLOYMENT_TARGET = 17.0;
				MARKETING_VERSION = 1.0;
				PRODUCT_BUNDLE_IDENTIFIER = TheGood77.iOSLab1Tests;
				PRODUCT_NAME = "$(TARGET_NAME)";
				SWIFT_EMIT_LOC_STRINGS = NO;
				SWIFT_VERSION = 5.0;
				TARGETED_DEVICE_FAMILY = "1,2";
				TEST_HOST = "$(BUILT_PRODUCTS_DIR)/iOSLab1.app/$(BUNDLE_EXECUTABLE_FOLDER_PATH)/iOSLab1";
			};
			name = Release;
		};
		DC8C18F42AF645800096B7DB /* Debug */ = {
			isa = XCBuildConfiguration;
			buildSettings = {
				ALWAYS_EMBED_SWIFT_STANDARD_LIBRARIES = YES;
				CODE_SIGN_STYLE = Automatic;
				CURRENT_PROJECT_VERSION = 1;
				GENERATE_INFOPLIST_FILE = YES;
				MARKETING_VERSION = 1.0;
				PRODUCT_BUNDLE_IDENTIFIER = TheGood77.iOSLab1UITests;
				PRODUCT_NAME = "$(TARGET_NAME)";
				SWIFT_EMIT_LOC_STRINGS = NO;
				SWIFT_VERSION = 5.0;
				TARGETED_DEVICE_FAMILY = "1,2";
				TEST_TARGET_NAME = iOSLab1;
			};
			name = Debug;
		};
		DC8C18F52AF645800096B7DB /* Release */ = {
			isa = XCBuildConfiguration;
			buildSettings = {
				ALWAYS_EMBED_SWIFT_STANDARD_LIBRARIES = YES;
				CODE_SIGN_STYLE = Automatic;
				CURRENT_PROJECT_VERSION = 1;
				GENERATE_INFOPLIST_FILE = YES;
				MARKETING_VERSION = 1.0;
				PRODUCT_BUNDLE_IDENTIFIER = TheGood77.iOSLab1UITests;
				PRODUCT_NAME = "$(TARGET_NAME)";
				SWIFT_EMIT_LOC_STRINGS = NO;
				SWIFT_VERSION = 5.0;
				TARGETED_DEVICE_FAMILY = "1,2";
				TEST_TARGET_NAME = iOSLab1;
			};
			name = Release;
		};
/* End XCBuildConfiguration section */

/* Begin XCConfigurationList section */
		DC8C18C42AF6457F0096B7DB /* Build configuration list for PBXProject "iOSLab1" */ = {
			isa = XCConfigurationList;
			buildConfigurations = (
				DC8C18EB2AF645800096B7DB /* Debug */,
				DC8C18EC2AF645800096B7DB /* Release */,
			);
			defaultConfigurationIsVisible = 0;
			defaultConfigurationName = Release;
		};
		DC8C18ED2AF645800096B7DB /* Build configuration list for PBXNativeTarget "iOSLab1" */ = {
			isa = XCConfigurationList;
			buildConfigurations = (
				DC8C18EE2AF645800096B7DB /* Debug */,
				DC8C18EF2AF645800096B7DB /* Release */,
			);
			defaultConfigurationIsVisible = 0;
			defaultConfigurationName = Release;
		};
		DC8C18F02AF645800096B7DB /* Build configuration list for PBXNativeTarget "iOSLab1Tests" */ = {
			isa = XCConfigurationList;
			buildConfigurations = (
				DC8C18F12AF645800096B7DB /* Debug */,
				DC8C18F22AF645800096B7DB /* Release */,
			);
			defaultConfigurationIsVisible = 0;
			defaultConfigurationName = Release;
		};
		DC8C18F32AF645800096B7DB /* Build configuration list for PBXNativeTarget "iOSLab1UITests" */ = {
			isa = XCConfigurationList;
			buildConfigurations = (
				DC8C18F42AF645800096B7DB /* Debug */,
				DC8C18F52AF645800096B7DB /* Release */,
			);
			defaultConfigurationIsVisible = 0;
			defaultConfigurationName = Release;
		};
/* End XCConfigurationList section */
	};
	rootObject = DC8C18C12AF6457F0096B7DB /* Project object */;
}
